
Microsoft Visual Studio Solution File, Format Version 12.00
# Visual Studio 15
VisualStudioVersion = 15.0.28307.539
MinimumVisualStudioVersion = 10.0.40219.1
Project("{FAE04EC0-301F-11D3-BF4B-00C04F79EFBC}") = "RegexFactory", "RegexFactory\RegexFactory.csproj", "{65E56EEF-1BE8-4F19-A8EC-F28F11B2D60E}"
EndProject
Project("{FAE04EC0-301F-11D3-BF4B-00C04F79EFBC}") = "RegexFactory.Test", "RegexFactory.Test\RegexFactory.Test.csproj", "{805EC242-D18E-4FB3-97BC-DB48C4257335}"
EndProject
Global
	GlobalSection(SolutionConfigurationPlatforms) = preSolution
		Debug|Any CPU = Debug|Any CPU
		Release|Any CPU = Release|Any CPU
	EndGlobalSection
	GlobalSection(ProjectConfigurationPlatforms) = postSolution
		{65E56EEF-1BE8-4F19-A8EC-F28F11B2D60E}.Debug|Any CPU.ActiveCfg = Debug|Any CPU
		{65E56EEF-1BE8-4F19-A8EC-F28F11B2D60E}.Debug|Any CPU.Build.0 = Debug|Any CPU
		{65E56EEF-1BE8-4F19-A8EC-F28F11B2D60E}.Release|Any CPU.ActiveCfg = Release|Any CPU
		{65E56EEF-1BE8-4F19-A8EC-F28F11B2D60E}.Release|Any CPU.Build.0 = Release|Any CPU
		{805EC242-D18E-4FB3-97BC-DB48C4257335}.Debug|Any CPU.ActiveCfg = Debug|Any CPU
		{805EC242-D18E-4FB3-97BC-DB48C4257335}.Debug|Any CPU.Build.0 = Debug|Any CPU
		{805EC242-D18E-4FB3-97BC-DB48C4257335}.Release|Any CPU.ActiveCfg = Release|Any CPU
		{805EC242-D18E-4FB3-97BC-DB48C4257335}.Release|Any CPU.Build.0 = Release|Any CPU
	EndGlobalSection
	GlobalSection(SolutionProperties) = preSolution
		HideSolutionNode = FALSE
	EndGlobalSection
	GlobalSection(ExtensibilityGlobals) = postSolution
		SolutionGuid = {7DB9D5A7-4E33-4092-9648-8FE85082D6D9}
	EndGlobalSection
EndGlobal
